
Microsoft Visual Studio Solution File, Format Version 12.00
# Visual Studio Version 17
VisualStudioVersion = 17.1.32328.378
MinimumVisualStudioVersion = 10.0.40219.1
Project("{9A19103F-16F7-4668-BE54-9A1E7A4F7556}") = "BinarySerialization", "BinarySerialization\BinarySerialization.csproj", "{39D29C70-B789-4CBA-9D2E-389467F6CCD8}"
EndProject
Project("{FAE04EC0-301F-11D3-BF4B-00C04F79EFBC}") = "XmlSerilalization", "XmlSerilalization\XmlSerilalization.csproj", "{8D68109B-C3C3-4F1B-91D7-07D49AC4B902}"
EndProject
Project("{FAE04EC0-301F-11D3-BF4B-00C04F79EFBC}") = "JsonSerialization", "JsonSerialization\JsonSerialization.csproj", "{0A6DE9EF-FD01-4F65-9705-F1688A706EA2}"
EndProject
Global
	GlobalSection(SolutionConfigurationPlatforms) = preSolution
		Debug|Any CPU = Debug|Any CPU
		Release|Any CPU = Release|Any CPU
	EndGlobalSection
	GlobalSection(ProjectConfigurationPlatforms) = postSolution
		{39D29C70-B789-4CBA-9D2E-389467F6CCD8}.Debug|Any CPU.ActiveCfg = Debug|Any CPU
		{39D29C70-B789-4CBA-9D2E-389467F6CCD8}.Debug|Any CPU.Build.0 = Debug|Any CPU
		{39D29C70-B789-4CBA-9D2E-389467F6CCD8}.Release|Any CPU.ActiveCfg = Release|Any CPU
		{39D29C70-B789-4CBA-9D2E-389467F6CCD8}.Release|Any CPU.Build.0 = Release|Any CPU
		{8D68109B-C3C3-4F1B-91D7-07D49AC4B902}.Debug|Any CPU.ActiveCfg = Debug|Any CPU
		{8D68109B-C3C3-4F1B-91D7-07D49AC4B902}.Debug|Any CPU.Build.0 = Debug|Any CPU
		{8D68109B-C3C3-4F1B-91D7-07D49AC4B902}.Release|Any CPU.ActiveCfg = Release|Any CPU
		{8D68109B-C3C3-4F1B-91D7-07D49AC4B902}.Release|Any CPU.Build.0 = Release|Any CPU
		{0A6DE9EF-FD01-4F65-9705-F1688A706EA2}.Debug|Any CPU.ActiveCfg = Debug|Any CPU
		{0A6DE9EF-FD01-4F65-9705-F1688A706EA2}.Debug|Any CPU.Build.0 = Debug|Any CPU
		{0A6DE9EF-FD01-4F65-9705-F1688A706EA2}.Release|Any CPU.ActiveCfg = Release|Any CPU
		{0A6DE9EF-FD01-4F65-9705-F1688A706EA2}.Release|Any CPU.Build.0 = Release|Any CPU
	EndGlobalSection
	GlobalSection(SolutionProperties) = preSolution
		HideSolutionNode = FALSE
	EndGlobalSection
	GlobalSection(ExtensibilityGlobals) = postSolution
		SolutionGuid = {5FDA7A4F-9C03-4ED9-BAC8-35ABE307DF63}
	EndGlobalSection
EndGlobal
